Microsoft Visual Studio Solution File, Format Version 12.00
# Visual Studio Version 17
VisualStudioVersion = 17.5.2.0
MinimumVisualStudioVersion = 10.0.40219.1
Project("{FAE04EC0-301F-11D3-BF4B-00C04F79EFBC}") = "PoCSample.FunctionApp", "PoCSample.FunctionApp\PoCSample.FunctionApp.csproj", "{B1916982-7BFF-9E88-1039-5069A283FDEE}"
EndProject
Global
	GlobalSection(SolutionConfigurationPlatforms) = preSolution
		Debug|Any CPU = Debug|Any CPU
		Release|Any CPU = Release|Any CPU
	EndGlobalSection
	GlobalSection(ProjectConfigurationPlatforms) = postSolution
		{B1916982-7BFF-9E88-1039-5069A283FDEE}.Debug|Any CPU.ActiveCfg = Debug|Any CPU
		{B1916982-7BFF-9E88-1039-5069A283FDEE}.Debug|Any CPU.Build.0 = Debug|Any CPU
		{B1916982-7BFF-9E88-1039-5069A283FDEE}.Release|Any CPU.ActiveCfg = Release|Any CPU
		{B1916982-7BFF-9E88-1039-5069A283FDEE}.Release|Any CPU.Build.0 = Release|Any CPU
	EndGlobalSection
	GlobalSection(SolutionProperties) = preSolution
		HideSolutionNode = FALSE
	EndGlobalSection
	GlobalSection(ExtensibilityGlobals) = postSolution
		SolutionGuid = {301B28AC-8485-4E31-B434-A354B0EF85F4}
	EndGlobalSection
EndGlobal
